
Microsoft Visual Studio Solution File, Format Version 12.00
# Visual Studio Version 16
VisualStudioVersion = 16.0.30105.148
MinimumVisualStudioVersion = 10.0.40219.1
Project("{9A19103F-16F7-4668-BE54-9A1E7A4F7556}") = "AoE2Lib", "AoE2Lib\AoE2Lib.csproj", "{822D2278-142C-4350-B800-6D1F0312C501}"
EndProject
Project("{9A19103F-16F7-4668-BE54-9A1E7A4F7556}") = "GameRunner", "GameRunner\GameRunner.csproj", "{5B6C28D4-62C9-458E-821A-0522966E040B}"
EndProject
Project("{9A19103F-16F7-4668-BE54-9A1E7A4F7556}") = "ExampleBot", "ExampleBot\ExampleBot.csproj", "{3036FF68-B7F8-4F21-BF9F-91D3F1884BBE}"
EndProject
Project("{9A19103F-16F7-4668-BE54-9A1E7A4F7556}") = "Unary", "Unary\Unary.csproj", "{5F54A290-EC83-4EDD-881C-2A72E960F5F6}"
EndProject
Global
	GlobalSection(SolutionConfigurationPlatforms) = preSolution
		Debug|Any CPU = Debug|Any CPU
		Release|Any CPU = Release|Any CPU
	EndGlobalSection
	GlobalSection(ProjectConfigurationPlatforms) = postSolution
		{822D2278-142C-4350-B800-6D1F0312C501}.Debug|Any CPU.ActiveCfg = Debug|Any CPU
		{822D2278-142C-4350-B800-6D1F0312C501}.Debug|Any CPU.Build.0 = Debug|Any CPU
		{822D2278-142C-4350-B800-6D1F0312C501}.Release|Any CPU.ActiveCfg = Release|Any CPU
		{822D2278-142C-4350-B800-6D1F0312C501}.Release|Any CPU.Build.0 = Release|Any CPU
		{5B6C28D4-62C9-458E-821A-0522966E040B}.Debug|Any CPU.ActiveCfg = Debug|Any CPU
		{5B6C28D4-62C9-458E-821A-0522966E040B}.Debug|Any CPU.Build.0 = Debug|Any CPU
		{5B6C28D4-62C9-458E-821A-0522966E040B}.Release|Any CPU.ActiveCfg = Release|Any CPU
		{5B6C28D4-62C9-458E-821A-0522966E040B}.Release|Any CPU.Build.0 = Release|Any CPU
		{3036FF68-B7F8-4F21-BF9F-91D3F1884BBE}.Debug|Any CPU.ActiveCfg = Debug|Any CPU
		{3036FF68-B7F8-4F21-BF9F-91D3F1884BBE}.Debug|Any CPU.Build.0 = Debug|Any CPU
		{3036FF68-B7F8-4F21-BF9F-91D3F1884BBE}.Release|Any CPU.ActiveCfg = Release|Any CPU
		{3036FF68-B7F8-4F21-BF9F-91D3F1884BBE}.Release|Any CPU.Build.0 = Release|Any CPU
		{5F54A290-EC83-4EDD-881C-2A72E960F5F6}.Debug|Any CPU.ActiveCfg = Debug|Any CPU
		{5F54A290-EC83-4EDD-881C-2A72E960F5F6}.Debug|Any CPU.Build.0 = Debug|Any CPU
		{5F54A290-EC83-4EDD-881C-2A72E960F5F6}.Release|Any CPU.ActiveCfg = Release|Any CPU
		{5F54A290-EC83-4EDD-881C-2A72E960F5F6}.Release|Any CPU.Build.0 = Release|Any CPU
	EndGlobalSection
	GlobalSection(SolutionProperties) = preSolution
		HideSolutionNode = FALSE
	EndGlobalSection
	GlobalSection(ExtensibilityGlobals) = postSolution
		SolutionGuid = {824C086F-3110-418A-A8D6-93CAFC77C62D}
	EndGlobalSection
EndGlobal
